
Microsoft Visual Studio Solution File, Format Version 12.00
# Visual Studio Version 16
VisualStudioVersion = 16.0.31321.278
MinimumVisualStudioVersion = 10.0.40219.1
Project("{9A19103F-16F7-4668-BE54-9A1E7A4F7556}") = "Titalyver2", "Titalyver2\Titalyver2.csproj", "{DA6D705F-943E-4E6E-9AF3-8E6CAFC49C47}"
EndProject
Project("{2150E333-8FDC-42A3-9474-1A3956D46DE8}") = "Solution Items", "Solution Items", "{052E34E5-4821-4D7B-8C97-49D2DA7D8979}"
	ProjectSection(SolutionItems) = preProject
		.editorconfig = .editorconfig
		README.md = README.md
	EndProjectSection
EndProject
Project("{9A19103F-16F7-4668-BE54-9A1E7A4F7556}") = "iTunesReceiver", "iTunesReceiver\iTunesReceiver.csproj", "{26809D03-A709-4A74-947C-1DA8871088FC}"
EndProject
Project("{FAE04EC0-301F-11D3-BF4B-00C04F79EFBC}") = "LyricsSearcherPlugin", "LyricsSearcherPlugin\LyricsSearcherPlugin.csproj", "{47F1B70C-9AF9-4562-A04F-109C70C0EDEC}"
EndProject
Global
	GlobalSection(SolutionConfigurationPlatforms) = preSolution
		Debug|Any CPU = Debug|Any CPU
		Debug|x64 = Debug|x64
		Debug|x86 = Debug|x86
		Release|Any CPU = Release|Any CPU
		Release|x64 = Release|x64
		Release|x86 = Release|x86
	EndGlobalSection
	GlobalSection(ProjectConfigurationPlatforms) = postSolution
		{DA6D705F-943E-4E6E-9AF3-8E6CAFC49C47}.Debug|Any CPU.ActiveCfg = Debug|Any CPU
		{DA6D705F-943E-4E6E-9AF3-8E6CAFC49C47}.Debug|Any CPU.Build.0 = Debug|Any CPU
		{DA6D705F-943E-4E6E-9AF3-8E6CAFC49C47}.Debug|x64.ActiveCfg = Debug|Any CPU
		{DA6D705F-943E-4E6E-9AF3-8E6CAFC49C47}.Debug|x64.Build.0 = Debug|Any CPU
		{DA6D705F-943E-4E6E-9AF3-8E6CAFC49C47}.Debug|x86.ActiveCfg = Debug|Any CPU
		{DA6D705F-943E-4E6E-9AF3-8E6CAFC49C47}.Debug|x86.Build.0 = Debug|Any CPU
		{DA6D705F-943E-4E6E-9AF3-8E6CAFC49C47}.Release|Any CPU.ActiveCfg = Release|Any CPU
		{DA6D705F-943E-4E6E-9AF3-8E6CAFC49C47}.Release|Any CPU.Build.0 = Release|Any CPU
		{DA6D705F-943E-4E6E-9AF3-8E6CAFC49C47}.Release|x64.ActiveCfg = Release|Any CPU
		{DA6D705F-943E-4E6E-9AF3-8E6CAFC49C47}.Release|x64.Build.0 = Release|Any CPU
		{DA6D705F-943E-4E6E-9AF3-8E6CAFC49C47}.Release|x86.ActiveCfg = Release|Any CPU
		{DA6D705F-943E-4E6E-9AF3-8E6CAFC49C47}.Release|x86.Build.0 = Release|Any CPU
		{26809D03-A709-4A74-947C-1DA8871088FC}.Debug|Any CPU.ActiveCfg = Debug|Any CPU
		{26809D03-A709-4A74-947C-1DA8871088FC}.Debug|Any CPU.Build.0 = Debug|Any CPU
		{26809D03-A709-4A74-947C-1DA8871088FC}.Debug|x64.ActiveCfg = Debug|Any CPU
		{26809D03-A709-4A74-947C-1DA8871088FC}.Debug|x64.Build.0 = Debug|Any CPU
		{26809D03-A709-4A74-947C-1DA8871088FC}.Debug|x86.ActiveCfg = Debug|Any CPU
		{26809D03-A709-4A74-947C-1DA8871088FC}.Debug|x86.Build.0 = Debug|Any CPU
		{26809D03-A709-4A74-947C-1DA8871088FC}.Release|Any CPU.ActiveCfg = Release|Any CPU
		{26809D03-A709-4A74-947C-1DA8871088FC}.Release|Any CPU.Build.0 = Release|Any CPU
		{26809D03-A709-4A74-947C-1DA8871088FC}.Release|x64.ActiveCfg = Release|Any CPU
		{26809D03-A709-4A74-947C-1DA8871088FC}.Release|x64.Build.0 = Release|Any CPU
		{26809D03-A709-4A74-947C-1DA8871088FC}.Release|x86.ActiveCfg = Release|Any CPU
		{26809D03-A709-4A74-947C-1DA8871088FC}.Release|x86.Build.0 = Release|Any CPU
		{47F1B70C-9AF9-4562-A04F-109C70C0EDEC}.Debug|Any CPU.ActiveCfg = Debug|Any CPU
		{47F1B70C-9AF9-4562-A04F-109C70C0EDEC}.Debug|Any CPU.Build.0 = Debug|Any CPU
		{47F1B70C-9AF9-4562-A04F-109C70C0EDEC}.Debug|x64.ActiveCfg = Debug|Any CPU
		{47F1B70C-9AF9-4562-A04F-109C70C0EDEC}.Debug|x64.Build.0 = Debug|Any CPU
		{47F1B70C-9AF9-4562-A04F-109C70C0EDEC}.Debug|x86.ActiveCfg = Debug|Any CPU
		{47F1B70C-9AF9-4562-A04F-109C70C0EDEC}.Debug|x86.Build.0 = Debug|Any CPU
		{47F1B70C-9AF9-4562-A04F-109C70C0EDEC}.Release|Any CPU.ActiveCfg = Release|Any CPU
		{47F1B70C-9AF9-4562-A04F-109C70C0EDEC}.Release|Any CPU.Build.0 = Release|Any CPU
		{47F1B70C-9AF9-4562-A04F-109C70C0EDEC}.Release|x64.ActiveCfg = Release|Any CPU
		{47F1B70C-9AF9-4562-A04F-109C70C0EDEC}.Release|x64.Build.0 = Release|Any CPU
		{47F1B70C-9AF9-4562-A04F-109C70C0EDEC}.Release|x86.ActiveCfg = Release|Any CPU
		{47F1B70C-9AF9-4562-A04F-109C70C0EDEC}.Release|x86.Build.0 = Release|Any CPU
	EndGlobalSection
	GlobalSection(SolutionProperties) = preSolution
		HideSolutionNode = FALSE
	EndGlobalSection
	GlobalSection(ExtensibilityGlobals) = postSolution
		SolutionGuid = {D7ECA7B3-F6D7-4C82-91E2-9C9B385D738C}
	EndGlobalSection
EndGlobal
